(setq el-get-lock-package-versions
      '((helm-themes :checksum "a6449a40c5a219b43a92c975917a07337f864b4f")
        (wh-theming :checksum "45db4cf79f413275de0925857440180b720e0957")
        (pyenv :checksum "d500e1fd3b222ab0a061b80c5301e6a0cd804b42")
        (emacs-which-key :checksum "69a1435dffc88af1b6e1e974945102b340798141")
        (point-undo :checksum "b09bdcc64a0de08bae0838ef708c679dbc08f4c2")
        (vagrant-tramp :checksum "660b84f3dd3ac44b5e4d6e72446d557afac11dd9")
        (open-junk-file :checksum "a5643846681c672b8f95af85b4d36349879b1aad")
        (restart-emacs :checksum "f0e8e1ae1bb5f4e50a99d220c39913ef300f44c8")
        (php-completion :checksum "8f9e11510ec32da38eb037e040f66246b4d77686")
        (php-mode :checksum "a4bd678c4440317a200cce69918663186b139cc0")
        (virtualenvwrapper :checksum "e6b78e56c204ba6aea17c934e0a0a86b14bac832")
        (seq :checksum "1349714b20daed2e62a21ebdd5244acc0ccbef0c")
        (avy :checksum "16370f92ec00f4e66da7a12fce300476934468da")
        (imenu-anywhere :checksum "e2419b1558cecdbc8fe8a31806334b8ce2556622")
        (emacs-async :checksum "65219115a75fc91d68de8a624b2d39e7079ad736")
        (with-editor :checksum "b3631b8ef473a314a504321d0442b6a5ea481a99")
        (use-package :checksum "d867b0370e4e311c71665ccaa418374a15097461")
        (graphviz-dot-mode :checksum "ca0f15158c3bbd516549532be1dd35bc51462c84")
        (emacs-websocket :checksum "fca05614306c455af1cf783bc97021527050dcc6")
        (websocket :checksum "fca05614306c455af1cf783bc97021527050dcc6")
        (emacs-realtime-markdown-viewer :checksum "31f8cd04acbc1f8dd342a47463db1da7ddd31e06")
        (sublime-themes :checksum "2b37d0def434871a2c0d3476f5b7eeeed9bb90b2")
        (solarized-emacs :checksum "d518af81dbe14c4ae710115e6b7de94587436f21")
        (color-theme-solarized :checksum "d7f9165adf02c01ea67a2ecc31df56c7495199e6")
        (color-theme :checksum "88430f7ad734a6a48a238c63bcffed2c5d7e0f65")
        (flyspell :checksum "0400d6f23984d718c1cd555ccbc5852ee9d92a37")
        (markdown-preview-eww :checksum "5853f836425c877c8a956501f0adda137ef1d3b7")
        (tramp :checksum "da0ae8adebe61d30ef85c2fa1a604e563aef80fa")
        (polymode :checksum "b9dc94728e168e0d9365ac6a94c81bdf93df66f3")
        (highlight-symbol :checksum "c2e15fee52aebf5c8e618460b8f924331d0df2a3")
        (mozc-el-extensions :checksum "060797a6e570cf21c274edfcb14a26e710a5449e")
        (centered-cursor-mode :checksum "de6cf069b993edb44651132eb0bbd76e8ee6a382")
        (diminish :checksum "73669b69e5f9a0c9261c5b53624329d0e24d1ed8")
        (jazzradio :checksum "9aa3d7307b33ddb97015e892ce4a9c7fae09a413")
        (android-mode :checksum "80629ff38e4c2f72ba1dbebd4a0abadb94d8a231")
        (realtime-preview :checksum "3318730827855b501c0febd06560c7b27c88b9d7")
        (init-loader :checksum "1f28a0b801cbb08aa9b47fd15ceab243a2bc064c")
        (yascroll :checksum "f7743df1cf6d8e55607141d1ea5f50b562582c51")
        (hlinum :checksum "fc6a2fd6bafbf64a9898476244d3bd75f749f39a")
        (linum-ex :checksum "1e0a6c7e363e8295eff4a981bc42b5656c1ca401")
        (powerline :checksum "cc05567a90d75367db47f9d836e672e09a5b7af3")
        (tabbar :checksum "ad4c9c20cf9090a5ebf77a5150f2bf98bdb4bded")
        (volatile-highlights :checksum "fb2abc2d4d4051a9a6b7c8de2fe7564161f01f24")
        (smart-newline :checksum "f5f5ff033645aea0652aa375b034746754a38b1e")
        (anzu :checksum "6fded24b366efc4cf27166104c1928f7d1fedaa7")
        (multiple-cursors :checksum "97e5db17c5ba631d3c2af17eac3414872224ca08")
        (recentf-ext :checksum "495bfe07e8a759f1e6dfbd45e62ae2f72404ff79")
        (twittering-mode :checksum "b04a3afd0a2efb6ac17ef84b343a80339be10a03")
        (ac-octave :checksum "da3c11ad7570eb585988e29703cc3a1257d07c48")
        (magit :checksum "0684b5ce9be9d6faeb983ea977174b9aead20dd2")
        (arduino-mode :checksum "44c2728f3d3ee7f30262fba1028276e0d1618d58")
        (electric-spacing :checksum "6b195c3aa1be22a1762c0e99aac0a71d64f7af81")
        (markdown-mode :checksum "d07f4765ba756318746f5f0ce6a793f6b5db6c4f")
        (fold-dwim :checksum "c46f4bb2ce91b4e307136320e72c28dd50b6cd8b")
        (auto-highlight-symbol :checksum "7cf81aa0d7e9e43f7363523057a54cdcc46e1354")
        (web-mode :checksum "add171592282cb991979d0f8ae46abfb58dccb25")
        (elpy :checksum "79d2e98f95c59ed7a778f428b55a6cbd845dc8fe")
        (pyvenv :checksum "07e81b2a05bfddef6b3c9c83bca81a6bb9d5faf1")
        (idomenu :checksum "462e95067bcac598331d8577977cb74f1f48ecf2")
        (find-file-in-project :checksum "ab8547358f2e8ed493b8dbbf2a72fb9a62b29756")
        (highlight-indentation :checksum "cd6d8168ccb04c6c0394f42e9512c58f23c01689")
        (company-mode :checksum "c6af7d29ef7b8d2b6b4800151511ead26c521532")
        (py-autopep8 :checksum "685414b19106b99a4384fa0c9ce4817c659e0e81")
        (vs-set-c-style :checksum "7efbd14971c70e3dec9e0637b02f7909d1cfd34f")
        (rainbow-delimiters :checksum "0823d0c67f935a4c36a1c945e93051102963c7fb")
        (projectile :checksum "46ccc7884b54bcfccfd1038d37f933ee516d24fa")
        (f :checksum "eb094d8017828c84cffcca4b2b76afb56aea99e9")
        (s :checksum "e59915ec6fc35983fa4a164ff2a3f73df135ca88")
        (flycheck-pos-tip :checksum "5b3a203bbdb03e4f48d1654efecd71f44376e199")
        (flycheck :checksum "9bac7788b4f10fbac8b19b160d9e726988d11224")
        (pkg-info :checksum "4dbe328c9eced79e0004e3fdcd7bfb997a928be5")
        (epl :checksum "a5ad061d0a5eb42f66c384e55d102da7d52c96b0")
        (pos-tip :checksum "92c6b81591b32a0fb3da65f6a514ddcce1d277c0")
        (expand-region :checksum "69819ac1417b8fad6561f8072d76d0fa2fcebfc0")
        (direx :checksum "cc14f9e94f5e68ea0be4ac7fda6a0a71f4fb233b")
        (yasnippet-java-mode :checksum "701e84d91d6e8bf53c0088687ee385c1954792d8")
        (quickrun :checksum "a9c9585b2054ae1f0e3c2c25b1e2eef8cef11ea4")
        (yasnippet :checksum "197db9fc228d75b604bd854fe84357c61d4297ac")
        (auto-install :checksum "4c7626db5ec2fd3be5ee075887ec2af59c6b7e26")
        (ido-vertical-mode :checksum "7e0e7c4b17851517260b9353f7a69ae8242872ff")
        (ido-occasional :checksum "d405f1795e1e0c63be411ee2825184738d29c33a")
        (helm-migemo :checksum "e5aed05f4ff5eabddb601f251e7531b42cf7ffb9")
        (auto-complete :checksum "ab01ce9fe07fb30f156276dcb2ce795fdc54e241")
        (popup :checksum "004d58c47f6406b6555cf112f8a6eed6114cb63b")
        (fuzzy :checksum "f7b8f668c3d364d3b52531b9b0fc152499d010fc")
        (ace-jump-buffer :checksum "9299ebd4bbbf6ba78dcb40440b3aadd7b540375c")
        (dash :checksum "89abffed98771ddb0a8aa199d845aabbccd36a47")
        (ace-isearch :checksum "c2e66783b7ea30185a697e9654c6b8ce62bedd0a")
        (helm-swoop :checksum "072fe292588571ab447c396b59343991d666d503")
        (ace-jump-mode :checksum "8351e2df4fbbeb2a4003f2fb39f46d33803f3dac")
        (helm-descbinds :checksum "5d8e84e6c047ce8a042fdcd827abb421f4848ac7")
        (helm-ag :checksum "9598a4c65342d045682a5c913dd7d927cabe521a")
        (undo-tree :checksum "a3e81b682053a81e082139300ef0a913a7a610a2")
        (migemo :checksum "c2240afa9afc0f003bb1d846710505e8e8e38169")
        (popwin :checksum "95dea14c60019d6cccf9a3b33e0dec4e1f22c304")
        (smooth-scroll :checksum "db1e2a5372c91c973d5d3579898c657fb865f556")
        (exec-path-from-shell :checksum "54c1d4a0c6e3cbf66e1399298d4cf1bc575020be")
        (monokai-theme :checksum "1af1cbc2b1db7acfacdc2e689386819a3bc09900")
        (helm :checksum "e70bc6c4adc50d80ae18cfbab8424307e2f4c8f5")
        (el-get :checksum "75edc70c4dc9ad0a821b8a00a5df1c5e10413e3c")))
(setq el-get-lock-locked-packages 'nil)
(setq el-get-lock-unlocked-packages 'nil)
