(setq el-get-lock-package-versions
      '((open-junk-file :checksum "f87b93ec26e92dc747da43499d0cbf5ab70fd8c2")
        (restart-emacs :checksum "be789b13ff6358e13a2b7d57224072fb1b108f09")
        (twittering-mode :checksum "97ed4410dd994c09081a7a12570adb34f356d87c")
        (markdown-mode :checksum "62d5b272c82070e1194470e14c568c784662f6ea")
        (web-mode :checksum "ffa0291164845904a12abd6e7007b61ea41b7ef1")
        (ein :checksum "a9736311c86d6b8b1fe4ecd695cecaeff968db8c")
        (request :checksum "48a35969f7c41810d550e6cdf784cb86c5a05a20")
        (websocket :checksum "567555360443f5de0a6426c5e2d88ba037c33855")
        (elpy :checksum "c0a92332bb0c0e784d226c1fe3ade9d8b924ddbb")
        (company-mode :checksum "917936c1fc2056526ff2cabbf5ddc39056382ffb")
        (highlight-indentation :checksum "cd6d8168ccb04c6c0394f42e9512c58f23c01689")
        (find-file-in-project :checksum "a32ab79cfef0e1c5c8d9055fb99d9cad005815de")
        (idomenu :checksum "462e95067bcac598331d8577977cb74f1f48ecf2")
        (pyvenv :checksum "726940c59d584a7e3a6647e149c20e426c3d883d")
        (jedi :checksum "b6972af030416c57de6d045761d0ad6bccfdf07b")
        (epc :checksum "76fe6847a341f78c635164c18908a0b691f7212c")
        (ctable :checksum "cd673a09a80ce4e9e102ffe2e3d7e6bfb9d652b0")
        (python-environment :checksum "401006584e32864a10c69d29f14414828909362e")
        (deferred :checksum "0a795feeae901e736fc43b1c75a6e3f92f811f08")
        (py-autopep8 :checksum "575ca51c928e6aaf01650901bce3df1122a11a4c")
        (pyenv :checksum "d500e1fd3b222ab0a061b80c5301e6a0cd804b42")
        (vs-set-c-style :checksum "7efbd14971c70e3dec9e0637b02f7909d1cfd34f")
        (yasnippet :checksum "309fe157f60e537e94f95e1ce3505a3fcdbd4994")
        (magit :checksum "ec81268eb1c08c164ce363acca777e0fd96cc2dc")
        (with-editor :checksum "4929d430266925c1145adef9987e2acdb829395b")
        (emacs-async :checksum "8bc0678ebca97e7b1c6e78e75e03f8dfd502d63a")
        (recentf-ext :checksum "495bfe07e8a759f1e6dfbd45e62ae2f72404ff79")
        (multiple-cursors :checksum "dfaf6215fced1eb81ce4b91e8a19a7346e94325e")
        (flycheck-pos-tip :checksum "5b3a203bbdb03e4f48d1654efecd71f44376e199")
        (pos-tip :checksum "92c6b81591b32a0fb3da65f6a514ddcce1d277c0")
        (flycheck :checksum "0fb37c6ac1d0cc259f0d923a3fc71dc92740a9e6")
        (pkg-info :checksum "4dbe328c9eced79e0004e3fdcd7bfb997a928be5")
        (epl :checksum "a5ad061d0a5eb42f66c384e55d102da7d52c96b0")
        (seq :checksum "0bfd9873323910170c6754e7e8a2e59ef0b0579d")
        (emacs-which-key :checksum "1eace34a1f5b780a30797976d0cfec5936048b7b")
        (centered-cursor-mode :checksum "de6cf069b993edb44651132eb0bbd76e8ee6a382")
        (highlight-symbol :checksum "7a789c779648c55b16e43278e51be5898c121b3a")
        (ace-isearch :checksum "1355f15b49490eeff0336716f4b27b02784ef55a")
        (avy :checksum "0f5e99b5e9a0fe709e5bce8ea4462dc732b2a281")
        (ace-jump-mode :checksum "8351e2df4fbbeb2a4003f2fb39f46d33803f3dac")
        (expand-region :checksum "cfef9aab6a3e826124ac53409b5c7bd6defa3b2d")
        (eval-in-repl :checksum "615b4bea36f092fd41aac177511ed8065a3b6ea6")
        (exec-path-from-shell :checksum "9700a076a932d4c8bc92d9e12f21978232056373")
        (tramp :checksum "249dd31d5a987e544faa1a983605effa3e472d73")
        (mozc-el-extensions :checksum "060797a6e570cf21c274edfcb14a26e710a5449e")
        (auto-complete :checksum "b0090a942f93824bcbe9a938217c665ea658eacd")
        (popup :checksum "80829dd46381754639fb764da11c67235fe63282")
        (fuzzy :checksum "534d723ad2e06322ff8d9bd0ba4863d243f698e7")
        (volatile-highlights :checksum "9a20091f0ce7fc0a6b3e641a6a46d5f3ac4d8392")
        (yascroll :checksum "f7743df1cf6d8e55607141d1ea5f50b562582c51")
        (rainbow-delimiters :checksum "93cd2dc873e7fedca7abc599cd97d46db4376ac7")
        (helm-ag :checksum "88e422ad5a76a7a0d8a5cd766d29c22206d8135e")
        (helm-swoop :checksum "6d3fdcfb6dea06242efc8ff4cafff9917e558bfc")
        (helm-descbinds :checksum "7771aa53d4f2828022504132114fa99e178be892")
        (anzu :checksum "1965307a41aac029db2be007120e0c743226dba4")
        (hlinum-mode :checksum "bc92bb8344af61929ffb0cb4df9d6b30d7df80d1")
        (popwin :checksum "95dea14c60019d6cccf9a3b33e0dec4e1f22c304")
        (undo-tree :checksum "a3e81b682053a81e082139300ef0a913a7a610a2")
        (tabbar :checksum "ad4c9c20cf9090a5ebf77a5150f2bf98bdb4bded")
        (powerline :checksum "cc05567a90d75367db47f9d836e672e09a5b7af3")
        (monokai-theme :checksum "53f0ba96f0417885e7d3955d8750de6763f99444")
        (sublime-themes :checksum "4648b68e96bfde26d6e4af9f919971eef2768e5f")
        (solarized-emacs :checksum "a3a60f80ea5d86b8d5251750aed973e709ba95b4")
        (dash :checksum "f1c60c4f114e6f7256100364e04bbd32552b0eaf")
        (chameleon-theming :checksum "60958b9f2b76f545a5973583c68f2e0b26e68164")
        (smart-newline :checksum "f5f5ff033645aea0652aa375b034746754a38b1e")
        (migemo :checksum "c2240afa9afc0f003bb1d846710505e8e8e38169")
        (helm :checksum "f29810bbcb53488fc2f3186c26ded54071d25c78")
        (init-loader :checksum "287da99eadfa3dd85492506db43d68324069b593")
        (use-package :checksum "3f6ba1bb8ad3fd81278b6787c664639a6a0df6f5")))
(setq el-get-lock-locked-packages 'nil)
(setq el-get-lock-unlocked-packages 'nil)
